
Microsoft Visual Studio Solution File, Format Version 12.00
# Visual Studio Version 17
Project("{8BC9CEB8-8B4A-11D0-8D11-00A0C91BC942}") = "ALL_BUILD", "ALL_BUILD.vcxproj", "{4363D146-4D69-3C16-BF6B-F6158149867A}"
	ProjectSection(ProjectDependencies) = postProject
		{D5B2CD5D-84C0-3E91-A6A8-D74D4F1A4D21} = {D5B2CD5D-84C0-3E91-A6A8-D74D4F1A4D21}
		{F151D9B6-DB75-3BAB-937D-34B6102CDA82} = {F151D9B6-DB75-3BAB-937D-34B6102CDA82}
	EndProjectSection
EndProject
Project("{8BC9CEB8-8B4A-11D0-8D11-00A0C91BC942}") = "ZERO_CHECK", "ZERO_CHECK.vcxproj", "{D5B2CD5D-84C0-3E91-A6A8-D74D4F1A4D21}"
	ProjectSection(ProjectDependencies) = postProject
	EndProjectSection
EndProject
Project("{8BC9CEB8-8B4A-11D0-8D11-00A0C91BC942}") = "minecraft", "minecraft.vcxproj", "{F151D9B6-DB75-3BAB-937D-34B6102CDA82}"
	ProjectSection(ProjectDependencies) = postProject
		{D5B2CD5D-84C0-3E91-A6A8-D74D4F1A4D21} = {D5B2CD5D-84C0-3E91-A6A8-D74D4F1A4D21}
	EndProjectSection
EndProject
Global
	GlobalSection(SolutionConfigurationPlatforms) = preSolution
		Debug|x64 = Debug|x64
		Release|x64 = Release|x64
		MinSizeRel|x64 = MinSizeRel|x64
		RelWithDebInfo|x64 = RelWithDebInfo|x64
	EndGlobalSection
	GlobalSection(ProjectConfigurationPlatforms) = postSolution
		{4363D146-4D69-3C16-BF6B-F6158149867A}.Debug|x64.ActiveCfg = Debug|x64
		{4363D146-4D69-3C16-BF6B-F6158149867A}.Release|x64.ActiveCfg = Release|x64
		{4363D146-4D69-3C16-BF6B-F6158149867A}.MinSizeRel|x64.ActiveCfg = MinSizeRel|x64
		{4363D146-4D69-3C16-BF6B-F6158149867A}.RelWithDebInfo|x64.ActiveCfg = RelWithDebInfo|x64
		{D5B2CD5D-84C0-3E91-A6A8-D74D4F1A4D21}.Debug|x64.ActiveCfg = Debug|x64
		{D5B2CD5D-84C0-3E91-A6A8-D74D4F1A4D21}.Debug|x64.Build.0 = Debug|x64
		{D5B2CD5D-84C0-3E91-A6A8-D74D4F1A4D21}.Release|x64.ActiveCfg = Release|x64
		{D5B2CD5D-84C0-3E91-A6A8-D74D4F1A4D21}.Release|x64.Build.0 = Release|x64
		{D5B2CD5D-84C0-3E91-A6A8-D74D4F1A4D21}.MinSizeRel|x64.ActiveCfg = MinSizeRel|x64
		{D5B2CD5D-84C0-3E91-A6A8-D74D4F1A4D21}.MinSizeRel|x64.Build.0 = MinSizeRel|x64
		{D5B2CD5D-84C0-3E91-A6A8-D74D4F1A4D21}.RelWithDebInfo|x64.ActiveCfg = RelWithDebInfo|x64
		{D5B2CD5D-84C0-3E91-A6A8-D74D4F1A4D21}.RelWithDebInfo|x64.Build.0 = RelWithDebInfo|x64
		{F151D9B6-DB75-3BAB-937D-34B6102CDA82}.Debug|x64.ActiveCfg = Debug|x64
		{F151D9B6-DB75-3BAB-937D-34B6102CDA82}.Debug|x64.Build.0 = Debug|x64
		{F151D9B6-DB75-3BAB-937D-34B6102CDA82}.Release|x64.ActiveCfg = Release|x64
		{F151D9B6-DB75-3BAB-937D-34B6102CDA82}.Release|x64.Build.0 = Release|x64
		{F151D9B6-DB75-3BAB-937D-34B6102CDA82}.MinSizeRel|x64.ActiveCfg = MinSizeRel|x64
		{F151D9B6-DB75-3BAB-937D-34B6102CDA82}.MinSizeRel|x64.Build.0 = MinSizeRel|x64
		{F151D9B6-DB75-3BAB-937D-34B6102CDA82}.RelWithDebInfo|x64.ActiveCfg = RelWithDebInfo|x64
		{F151D9B6-DB75-3BAB-937D-34B6102CDA82}.RelWithDebInfo|x64.Build.0 = RelWithDebInfo|x64
	EndGlobalSection
	GlobalSection(ExtensibilityGlobals) = postSolution
		SolutionGuid = {79826149-D4B6-3442-821C-9EFA0D8C0761}
	EndGlobalSection
	GlobalSection(ExtensibilityAddIns) = postSolution
	EndGlobalSection
EndGlobal
