<?xml version="1.0" encoding="utf-8"?>
<Project ToolsVersion="17.0" xmlns="http://schemas.microsoft.com/developer/msbuild/2003">
  <ItemGroup>
    <CustomBuild Include="C:\Users\jmuzy\Downloads\Voxel-Engine\builds\CMakeFiles\8778316b76a88e16a3b5abd448e1ece9\generate.stamp.rule">
      <Filter>CMake Rules</Filter>
    </CustomBuild>
  </ItemGroup>
  <ItemGroup>
    <Filter Include="CMake Rules">
      <UniqueIdentifier>{323B607E-3E85-3C39-B8FD-45DDFE9438A5}</UniqueIdentifier>
    </Filter>
  </ItemGroup>
</Project>
